
Microsoft Visual Studio Solution File, Format Version 12.00
# Visual Studio Version 17
VisualStudioVersion = 17.9.34728.123
MinimumVisualStudioVersion = 10.0.40219.1
Project("{FAE04EC0-301F-11D3-BF4B-00C04F79EFBC}") = "Trab-NroPrimo", "Trab-NroPrimo\Trab-NroPrimo.csproj", "{BBD91203-F4B1-477E-9DE7-0FC998842B46}"
EndProject
Global
	GlobalSection(SolutionConfigurationPlatforms) = preSolution
		Debug|Any CPU = Debug|Any CPU
		Release|Any CPU = Release|Any CPU
	EndGlobalSection
	GlobalSection(ProjectConfigurationPlatforms) = postSolution
		{BBD91203-F4B1-477E-9DE7-0FC998842B46}.Debug|Any CPU.ActiveCfg = Debug|Any CPU
		{BBD91203-F4B1-477E-9DE7-0FC998842B46}.Debug|Any CPU.Build.0 = Debug|Any CPU
		{BBD91203-F4B1-477E-9DE7-0FC998842B46}.Release|Any CPU.ActiveCfg = Release|Any CPU
		{BBD91203-F4B1-477E-9DE7-0FC998842B46}.Release|Any CPU.Build.0 = Release|Any CPU
	EndGlobalSection
	GlobalSection(SolutionProperties) = preSolution
		HideSolutionNode = FALSE
	EndGlobalSection
	GlobalSection(ExtensibilityGlobals) = postSolution
		SolutionGuid = {87001AD2-83F5-4E49-8E6A-925A81B574FA}
	EndGlobalSection
EndGlobal
